// !$*UTF8*$!
{
	archiveVersion = 1;
	classes = {
	};
	objectVersion = 56;
	objects = {

/* Begin PBXBuildFile section */
		045FA7792C12C6290092F66E /* Coordinator.swift in Sources */ = {isa = PBXBuildFile; fileRef = 045FA7782C12C6290092F66E /* Coordinator.swift */; };
		045FA77C2C12C7890092F66E /* ClearButtonStyle.swift in Sources */ = {isa = PBXBuildFile; fileRef = 045FA77B2C12C7890092F66E /* ClearButtonStyle.swift */; };
		045FA77E2C12CA2B0092F66E /* BlankSpaceClearLevelButtonStyle.swift in Sources */ = {isa = PBXBuildFile; fileRef = 045FA77D2C12CA2B0092F66E /* BlankSpaceClearLevelButtonStyle.swift */; };
		045FA7802C12CA5D0092F66E /* ClearLevelDetailButtonStyle.swift in Sources */ = {isa = PBXBuildFile; fileRef = 045FA77F2C12CA5D0092F66E /* ClearLevelDetailButtonStyle.swift */; };
		045FA7822C12D3450092F66E /* AudioManager.swift in Sources */ = {isa = PBXBuildFile; fileRef = 045FA7812C12D3450092F66E /* AudioManager.swift */; };
		045FA7832C12D3450092F66E /* AudioManager.swift in Sources */ = {isa = PBXBuildFile; fileRef = 045FA7812C12D3450092F66E /* AudioManager.swift */; };
		04A6467D2C1185400019C5CF /* LingoQuestApp.swift in Sources */ = {isa = PBXBuildFile; fileRef = 04A6467C2C1185400019C5CF /* LingoQuestApp.swift */; };
		04A6467F2C1185400019C5CF /* ContentView.swift in Sources */ = {isa = PBXBuildFile; fileRef = 04A6467E2C1185400019C5CF /* ContentView.swift */; };
		04A646812C1185430019C5CF /* Assets.xcassets in Resources */ = {isa = PBXBuildFile; fileRef = 04A646802C1185430019C5CF /* Assets.xcassets */; };
		04A646842C1185430019C5CF /* Preview Assets.xcassets in Resources */ = {isa = PBXBuildFile; fileRef = 04A646832C1185430019C5CF /* Preview Assets.xcassets */; };
		04A646912C11868F0019C5CF /* LingoQuestMacApp.swift in Sources */ = {isa = PBXBuildFile; fileRef = 04A646902C11868F0019C5CF /* LingoQuestMacApp.swift */; };
		04A646932C11868F0019C5CF /* ContentView.swift in Sources */ = {isa = PBXBuildFile; fileRef = 04A646922C11868F0019C5CF /* ContentView.swift */; };
		04A646952C1186920019C5CF /* Assets.xcassets in Resources */ = {isa = PBXBuildFile; fileRef = 04A646942C1186920019C5CF /* Assets.xcassets */; };
		04A646982C1186920019C5CF /* Preview Assets.xcassets in Resources */ = {isa = PBXBuildFile; fileRef = 04A646972C1186920019C5CF /* Preview Assets.xcassets */; };
		04A646B02C11A3660019C5CF /* LevelData.swift in Sources */ = {isa = PBXBuildFile; fileRef = 04A646A52C11A3660019C5CF /* LevelData.swift */; };
		04A646B12C11A3660019C5CF /* SpeechRecognizer.swift in Sources */ = {isa = PBXBuildFile; fileRef = 04A646A62C11A3660019C5CF /* SpeechRecognizer.swift */; };
		04A646B22C11A3660019C5CF /* Levelsview.swift in Sources */ = {isa = PBXBuildFile; fileRef = 04A646A82C11A3660019C5CF /* Levelsview.swift */; };
		04A646B32C11A3660019C5CF /* SayTheWordView.swift in Sources */ = {isa = PBXBuildFile; fileRef = 04A646A92C11A3660019C5CF /* SayTheWordView.swift */; };
		04A646B42C11A3660019C5CF /* LevelsViewModel.swift in Sources */ = {isa = PBXBuildFile; fileRef = 04A646AB2C11A3660019C5CF /* LevelsViewModel.swift */; };
		04A646B52C11A3660019C5CF /* SayTheWordViewModel.swift in Sources */ = {isa = PBXBuildFile; fileRef = 04A646AC2C11A3660019C5CF /* SayTheWordViewModel.swift */; };
		04A646B62C11A3660019C5CF /* words.json in Resources */ = {isa = PBXBuildFile; fileRef = 04A646AE2C11A3660019C5CF /* words.json */; };
		04A646B82C11A3CE0019C5CF /* SplashScreenView.swift in Sources */ = {isa = PBXBuildFile; fileRef = 04A646B72C11A3CE0019C5CF /* SplashScreenView.swift */; };
		04A646C02C11A7250019C5CF /* levels.json in Resources */ = {isa = PBXBuildFile; fileRef = 04A646BF2C11A7250019C5CF /* levels.json */; };
		04A646C52C11A7B80019C5CF /* BlankSpaceViewModel.swift in Sources */ = {isa = PBXBuildFile; fileRef = 04A646C42C11A7B80019C5CF /* BlankSpaceViewModel.swift */; };
		04A646C82C11A7CE0019C5CF /* BlankSpaceLevelViewModel.swift in Sources */ = {isa = PBXBuildFile; fileRef = 04A646C72C11A7CE0019C5CF /* BlankSpaceLevelViewModel.swift */; };
		04A646CB2C11A7EF0019C5CF /* BlankSpaceView.swift in Sources */ = {isa = PBXBuildFile; fileRef = 04A646CA2C11A7EF0019C5CF /* BlankSpaceView.swift */; };
		04A646CD2C11A8030019C5CF /* LevelView.swift in Sources */ = {isa = PBXBuildFile; fileRef = 04A646CC2C11A8030019C5CF /* LevelView.swift */; };
		04A646D22C11A8B70019C5CF /* BlankSpaceModel.swift in Sources */ = {isa = PBXBuildFile; fileRef = 04A646D12C11A8B70019C5CF /* BlankSpaceModel.swift */; };
		04A646D92C11CB8E0019C5CF /* CrosswordLevels.json in Resources */ = {isa = PBXBuildFile; fileRef = 04A646D82C11CB8E0019C5CF /* CrosswordLevels.json */; };
		04A646DA2C11CB8E0019C5CF /* CrosswordLevels.json in Resources */ = {isa = PBXBuildFile; fileRef = 04A646D82C11CB8E0019C5CF /* CrosswordLevels.json */; };
		04A646DC2C11CBC40019C5CF /* CrosswordAnswerModel.swift in Sources */ = {isa = PBXBuildFile; fileRef = 04A646DB2C11CBC40019C5CF /* CrosswordAnswerModel.swift */; };
		04A646DE2C11CBE10019C5CF /* CrosswordCell.swift in Sources */ = {isa = PBXBuildFile; fileRef = 04A646DD2C11CBE10019C5CF /* CrosswordCell.swift */; };
		04A646E02C11CBF80019C5CF /* CrosswordLevelModel.swift in Sources */ = {isa = PBXBuildFile; fileRef = 04A646DF2C11CBF80019C5CF /* CrosswordLevelModel.swift */; };
		04A646E22C11CC0A0019C5CF /* CrosswordQuestionModel.swift in Sources */ = {isa = PBXBuildFile; fileRef = 04A646E12C11CC0A0019C5CF /* CrosswordQuestionModel.swift */; };
		04A646E42C11CD0A0019C5CF /* CrosswordLevelsViewModel.swift in Sources */ = {isa = PBXBuildFile; fileRef = 04A646E32C11CD0A0019C5CF /* CrosswordLevelsViewModel.swift */; };
		04A646E62C11CD2F0019C5CF /* CrosswordViewModel.swift in Sources */ = {isa = PBXBuildFile; fileRef = 04A646E52C11CD2F0019C5CF /* CrosswordViewModel.swift */; };
		04A646E82C11CD660019C5CF /* CellView.swift in Sources */ = {isa = PBXBuildFile; fileRef = 04A646E72C11CD660019C5CF /* CellView.swift */; };
		04A646EA2C11CDB80019C5CF /* CrosswordLevelsView.swift in Sources */ = {isa = PBXBuildFile; fileRef = 04A646E92C11CDB80019C5CF /* CrosswordLevelsView.swift */; };
		04A646EC2C11CDD40019C5CF /* CrosswordView.swift in Sources */ = {isa = PBXBuildFile; fileRef = 04A646EB2C11CDD40019C5CF /* CrosswordView.swift */; };
		04A646EE2C11CDE00019C5CF /* CustomTextField.swift in Sources */ = {isa = PBXBuildFile; fileRef = 04A646ED2C11CDE00019C5CF /* CustomTextField.swift */; };
		04A646EF2C11D22D0019C5CF /* LevelsViewModel.swift in Sources */ = {isa = PBXBuildFile; fileRef = 04A646AB2C11A3660019C5CF /* LevelsViewModel.swift */; };
		04A646F32C11D43C0019C5CF /* CellViewMac.swift in Sources */ = {isa = PBXBuildFile; fileRef = 04A646F22C11D43C0019C5CF /* CellViewMac.swift */; };
		04A646F52C11D48A0019C5CF /* CrosswordDetailViewMac.swift in Sources */ = {isa = PBXBuildFile; fileRef = 04A646F42C11D48A0019C5CF /* CrosswordDetailViewMac.swift */; };
		04A646F82C11D4AE0019C5CF /* CrosswordLevelsViewMac.swift in Sources */ = {isa = PBXBuildFile; fileRef = 04A646F72C11D4AE0019C5CF /* CrosswordLevelsViewMac.swift */; };
		04A646FA2C11D4CE0019C5CF /* CrosswordViewMac.swift in Sources */ = {isa = PBXBuildFile; fileRef = 04A646F92C11D4CE0019C5CF /* CrosswordViewMac.swift */; };
		04A646FC2C11D4EE0019C5CF /* CustomTextFieldMac.swift in Sources */ = {isa = PBXBuildFile; fileRef = 04A646FB2C11D4EE0019C5CF /* CustomTextFieldMac.swift */; };
		04A646FD2C11D5290019C5CF /* CrosswordCell.swift in Sources */ = {isa = PBXBuildFile; fileRef = 04A646DD2C11CBE10019C5CF /* CrosswordCell.swift */; };
		04A646FE2C11D52D0019C5CF /* CrosswordAnswerModel.swift in Sources */ = {isa = PBXBuildFile; fileRef = 04A646DB2C11CBC40019C5CF /* CrosswordAnswerModel.swift */; };
		04A646FF2C11D5300019C5CF /* CrosswordLevelModel.swift in Sources */ = {isa = PBXBuildFile; fileRef = 04A646DF2C11CBF80019C5CF /* CrosswordLevelModel.swift */; };
		04A647002C11D5330019C5CF /* CrosswordQuestionModel.swift in Sources */ = {isa = PBXBuildFile; fileRef = 04A646E12C11CC0A0019C5CF /* CrosswordQuestionModel.swift */; };
		04A647012C11D5390019C5CF /* CrosswordLevelsViewModel.swift in Sources */ = {isa = PBXBuildFile; fileRef = 04A646E32C11CD0A0019C5CF /* CrosswordLevelsViewModel.swift */; };
		04A647022C11D5390019C5CF /* CrosswordViewModel.swift in Sources */ = {isa = PBXBuildFile; fileRef = 04A646E52C11CD2F0019C5CF /* CrosswordViewModel.swift */; };
		04A647032C11D5B10019C5CF /* LevelData.swift in Sources */ = {isa = PBXBuildFile; fileRef = 04A646A52C11A3660019C5CF /* LevelData.swift */; };
		04A647092C11D71A0019C5CF /* BlankSpaceViewMac.swift in Sources */ = {isa = PBXBuildFile; fileRef = 04A647082C11D71A0019C5CF /* BlankSpaceViewMac.swift */; };
		04A6470B2C11D7460019C5CF /* LevelDetailViewMac.swift in Sources */ = {isa = PBXBuildFile; fileRef = 04A6470A2C11D7460019C5CF /* LevelDetailViewMac.swift */; };
		04A6470D2C11D75A0019C5CF /* LevelViewMac.swift in Sources */ = {isa = PBXBuildFile; fileRef = 04A6470C2C11D75A0019C5CF /* LevelViewMac.swift */; };
		04A6470E2C11D7860019C5CF /* BlankSpaceModel.swift in Sources */ = {isa = PBXBuildFile; fileRef = 04A646D12C11A8B70019C5CF /* BlankSpaceModel.swift */; };
		04A6470F2C11D7860019C5CF /* BlankSpaceLevelViewModel.swift in Sources */ = {isa = PBXBuildFile; fileRef = 04A646C72C11A7CE0019C5CF /* BlankSpaceLevelViewModel.swift */; };
		04A647112C11D7860019C5CF /* levels.json in Resources */ = {isa = PBXBuildFile; fileRef = 04A646BF2C11A7250019C5CF /* levels.json */; };
		04A647122C11D7900019C5CF /* words.json in Resources */ = {isa = PBXBuildFile; fileRef = 04A646AE2C11A3660019C5CF /* words.json */; };
		CB6F9E2D2C120FE100E5C626 /* LevelsDetailViewMac.swift in Sources */ = {isa = PBXBuildFile; fileRef = CB6F9E2C2C120FE100E5C626 /* LevelsDetailViewMac.swift */; };
		CB6F9E412C12E25900E5C626 /* BlankSpaceViewModel.swift in Sources */ = {isa = PBXBuildFile; fileRef = CB6F9E402C12E25900E5C626 /* BlankSpaceViewModel.swift */; };
		CBF6DC102C119EB1009765DB /* LevelsViewMac.swift in Sources */ = {isa = PBXBuildFile; fileRef = CBF6DC0F2C119EB1009765DB /* LevelsViewMac.swift */; };
		CBF6DC122C119ED6009765DB /* SayTheWordViewMac.swift in Sources */ = {isa = PBXBuildFile; fileRef = CBF6DC112C119ED6009765DB /* SayTheWordViewMac.swift */; };
		CBF6DC142C119EF3009765DB /* SayTheWordViewModelMac.swift in Sources */ = {isa = PBXBuildFile; fileRef = CBF6DC132C119EF3009765DB /* SayTheWordViewModelMac.swift */; };
		D96774332C12FC6D00010663 /* StreakManager.swift in Sources */ = {isa = PBXBuildFile; fileRef = D96774322C12FC6D00010663 /* StreakManager.swift */; };
		D96774342C12FFA600010663 /* StreakManager.swift in Sources */ = {isa = PBXBuildFile; fileRef = D96774322C12FC6D00010663 /* StreakManager.swift */; };
/* End PBXBuildFile section */

/* Begin PBXFileReference section */
		045FA7782C12C6290092F66E /* Coordinator.swift */ = {isa = PBXFileReference; lastKnownFileType = sourcecode.swift; path = Coordinator.swift; sourceTree = "<group>"; };
		045FA77B2C12C7890092F66E /* ClearButtonStyle.swift */ = {isa = PBXFileReference; lastKnownFileType = sourcecode.swift; path = ClearButtonStyle.swift; sourceTree = "<group>"; };
		045FA77D2C12CA2B0092F66E /* BlankSpaceClearLevelButtonStyle.swift */ = {isa = PBXFileReference; lastKnownFileType = sourcecode.swift; path = BlankSpaceClearLevelButtonStyle.swift; sourceTree = "<group>"; };
		045FA77F2C12CA5D0092F66E /* ClearLevelDetailButtonStyle.swift */ = {isa = PBXFileReference; lastKnownFileType = sourcecode.swift; path = ClearLevelDetailButtonStyle.swift; sourceTree = "<group>"; };
		045FA7812C12D3450092F66E /* AudioManager.swift */ = {isa = PBXFileReference; lastKnownFileType = sourcecode.swift; path = AudioManager.swift; sourceTree = "<group>"; };
		045FA7872C12D3C40092F66E /* Cute Avalanche - RKVC.mp3 */ = {isa = PBXFileReference; lastKnownFileType = audio.mp3; path = "Cute Avalanche - RKVC.mp3"; sourceTree = "<group>"; };
		04A646792C1185400019C5CF /* LingoQuest.app */ = {isa = PBXFileReference; explicitFileType = wrapper.application; includeInIndex = 0; path = LingoQuest.app; sourceTree = BUILT_PRODUCTS_DIR; };
		04A6467C2C1185400019C5CF /* LingoQuestApp.swift */ = {isa = PBXFileReference; lastKnownFileType = sourcecode.swift; path = LingoQuestApp.swift; sourceTree = "<group>"; };
		04A6467E2C1185400019C5CF /* ContentView.swift */ = {isa = PBXFileReference; lastKnownFileType = sourcecode.swift; path = ContentView.swift; sourceTree = "<group>"; };
		04A646802C1185430019C5CF /* Assets.xcassets */ = {isa = PBXFileReference; lastKnownFileType = folder.assetcatalog; path = Assets.xcassets; sourceTree = "<group>"; };
		04A646832C1185430019C5CF /* Preview Assets.xcassets */ = {isa = PBXFileReference; lastKnownFileType = folder.assetcatalog; path = "Preview Assets.xcassets"; sourceTree = "<group>"; };
		04A6468E2C11868F0019C5CF /* LingoQuestMac.app */ = {isa = PBXFileReference; explicitFileType = wrapper.application; includeInIndex = 0; path = LingoQuestMac.app; sourceTree = BUILT_PRODUCTS_DIR; };
		04A646902C11868F0019C5CF /* LingoQuestMacApp.swift */ = {isa = PBXFileReference; lastKnownFileType = sourcecode.swift; path = LingoQuestMacApp.swift; sourceTree = "<group>"; };
		04A646922C11868F0019C5CF /* ContentView.swift */ = {isa = PBXFileReference; lastKnownFileType = sourcecode.swift; path = ContentView.swift; sourceTree = "<group>"; };
		04A646942C1186920019C5CF /* Assets.xcassets */ = {isa = PBXFileReference; lastKnownFileType = folder.assetcatalog; path = Assets.xcassets; sourceTree = "<group>"; };
		04A646972C1186920019C5CF /* Preview Assets.xcassets */ = {isa = PBXFileReference; lastKnownFileType = folder.assetcatalog; path = "Preview Assets.xcassets"; sourceTree = "<group>"; };
		04A646992C1186920019C5CF /* LingoQuestMac.entitlements */ = {isa = PBXFileReference; lastKnownFileType = text.plist.entitlements; path = LingoQuestMac.entitlements; sourceTree = "<group>"; };
		04A646A52C11A3660019C5CF /* LevelData.swift */ = {isa = PBXFileReference; fileEncoding = 4; lastKnownFileType = sourcecode.swift; path = LevelData.swift; sourceTree = "<group>"; };
		04A646A62C11A3660019C5CF /* SpeechRecognizer.swift */ = {isa = PBXFileReference; fileEncoding = 4; lastKnownFileType = sourcecode.swift; path = SpeechRecognizer.swift; sourceTree = "<group>"; };
		04A646A82C11A3660019C5CF /* Levelsview.swift */ = {isa = PBXFileReference; fileEncoding = 4; lastKnownFileType = sourcecode.swift; path = Levelsview.swift; sourceTree = "<group>"; };
		04A646A92C11A3660019C5CF /* SayTheWordView.swift */ = {isa = PBXFileReference; fileEncoding = 4; lastKnownFileType = sourcecode.swift; path = SayTheWordView.swift; sourceTree = "<group>"; };
		04A646AB2C11A3660019C5CF /* LevelsViewModel.swift */ = {isa = PBXFileReference; fileEncoding = 4; lastKnownFileType = sourcecode.swift; path = LevelsViewModel.swift; sourceTree = "<group>"; };
		04A646AC2C11A3660019C5CF /* SayTheWordViewModel.swift */ = {isa = PBXFileReference; fileEncoding = 4; lastKnownFileType = sourcecode.swift; path = SayTheWordViewModel.swift; sourceTree = "<group>"; };
		04A646AE2C11A3660019C5CF /* words.json */ = {isa = PBXFileReference; fileEncoding = 4; lastKnownFileType = text.json; path = words.json; sourceTree = "<group>"; };
		04A646B72C11A3CE0019C5CF /* SplashScreenView.swift */ = {isa = PBXFileReference; fileEncoding = 4; lastKnownFileType = sourcecode.swift; path = SplashScreenView.swift; sourceTree = "<group>"; };
		04A646BF2C11A7250019C5CF /* levels.json */ = {isa = PBXFileReference; lastKnownFileType = text.json; path = levels.json; sourceTree = "<group>"; };
		04A646C42C11A7B80019C5CF /* BlankSpaceViewModel.swift */ = {isa = PBXFileReference; lastKnownFileType = sourcecode.swift; path = BlankSpaceViewModel.swift; sourceTree = "<group>"; };
		04A646C72C11A7CE0019C5CF /* BlankSpaceLevelViewModel.swift */ = {isa = PBXFileReference; lastKnownFileType = sourcecode.swift; path = BlankSpaceLevelViewModel.swift; sourceTree = "<group>"; };
		04A646CA2C11A7EF0019C5CF /* BlankSpaceView.swift */ = {isa = PBXFileReference; lastKnownFileType = sourcecode.swift; path = BlankSpaceView.swift; sourceTree = "<group>"; };
		04A646CC2C11A8030019C5CF /* LevelView.swift */ = {isa = PBXFileReference; lastKnownFileType = sourcecode.swift; path = LevelView.swift; sourceTree = "<group>"; };
		04A646D12C11A8B70019C5CF /* BlankSpaceModel.swift */ = {isa = PBXFileReference; lastKnownFileType = sourcecode.swift; path = BlankSpaceModel.swift; sourceTree = "<group>"; };
		04A646D82C11CB8E0019C5CF /* CrosswordLevels.json */ = {isa = PBXFileReference; lastKnownFileType = text.json; path = CrosswordLevels.json; sourceTree = "<group>"; };
		04A646DB2C11CBC40019C5CF /* CrosswordAnswerModel.swift */ = {isa = PBXFileReference; lastKnownFileType = sourcecode.swift; path = CrosswordAnswerModel.swift; sourceTree = "<group>"; };
		04A646DD2C11CBE10019C5CF /* CrosswordCell.swift */ = {isa = PBXFileReference; lastKnownFileType = sourcecode.swift; path = CrosswordCell.swift; sourceTree = "<group>"; };
		04A646DF2C11CBF80019C5CF /* CrosswordLevelModel.swift */ = {isa = PBXFileReference; lastKnownFileType = sourcecode.swift; path = CrosswordLevelModel.swift; sourceTree = "<group>"; };
		04A646E12C11CC0A0019C5CF /* CrosswordQuestionModel.swift */ = {isa = PBXFileReference; lastKnownFileType = sourcecode.swift; path = CrosswordQuestionModel.swift; sourceTree = "<group>"; };
		04A646E32C11CD0A0019C5CF /* CrosswordLevelsViewModel.swift */ = {isa = PBXFileReference; lastKnownFileType = sourcecode.swift; path = CrosswordLevelsViewModel.swift; sourceTree = "<group>"; };
		04A646E52C11CD2F0019C5CF /* CrosswordViewModel.swift */ = {isa = PBXFileReference; lastKnownFileType = sourcecode.swift; path = CrosswordViewModel.swift; sourceTree = "<group>"; };
		04A646E72C11CD660019C5CF /* CellView.swift */ = {isa = PBXFileReference; lastKnownFileType = sourcecode.swift; path = CellView.swift; sourceTree = "<group>"; };
		04A646E92C11CDB80019C5CF /* CrosswordLevelsView.swift */ = {isa = PBXFileReference; lastKnownFileType = sourcecode.swift; path = CrosswordLevelsView.swift; sourceTree = "<group>"; };
		04A646EB2C11CDD40019C5CF /* CrosswordView.swift */ = {isa = PBXFileReference; lastKnownFileType = sourcecode.swift; path = CrosswordView.swift; sourceTree = "<group>"; };
		04A646ED2C11CDE00019C5CF /* CustomTextField.swift */ = {isa = PBXFileReference; lastKnownFileType = sourcecode.swift; path = CustomTextField.swift; sourceTree = "<group>"; };
		04A646F22C11D43C0019C5CF /* CellViewMac.swift */ = {isa = PBXFileReference; lastKnownFileType = sourcecode.swift; path = CellViewMac.swift; sourceTree = "<group>"; };
		04A646F42C11D48A0019C5CF /* CrosswordDetailViewMac.swift */ = {isa = PBXFileReference; lastKnownFileType = sourcecode.swift; path = CrosswordDetailViewMac.swift; sourceTree = "<group>"; };
		04A646F72C11D4AE0019C5CF /* CrosswordLevelsViewMac.swift */ = {isa = PBXFileReference; lastKnownFileType = sourcecode.swift; path = CrosswordLevelsViewMac.swift; sourceTree = "<group>"; };
		04A646F92C11D4CE0019C5CF /* CrosswordViewMac.swift */ = {isa = PBXFileReference; lastKnownFileType = sourcecode.swift; path = CrosswordViewMac.swift; sourceTree = "<group>"; };
		04A646FB2C11D4EE0019C5CF /* CustomTextFieldMac.swift */ = {isa = PBXFileReference; lastKnownFileType = sourcecode.swift; path = CustomTextFieldMac.swift; sourceTree = "<group>"; };
		04A647082C11D71A0019C5CF /* BlankSpaceViewMac.swift */ = {isa = PBXFileReference; lastKnownFileType = sourcecode.swift; path = BlankSpaceViewMac.swift; sourceTree = "<group>"; };
		04A6470A2C11D7460019C5CF /* LevelDetailViewMac.swift */ = {isa = PBXFileReference; lastKnownFileType = sourcecode.swift; path = LevelDetailViewMac.swift; sourceTree = "<group>"; };
		04A6470C2C11D75A0019C5CF /* LevelViewMac.swift */ = {isa = PBXFileReference; lastKnownFileType = sourcecode.swift; path = LevelViewMac.swift; sourceTree = "<group>"; };
		CB6F9E2C2C120FE100E5C626 /* LevelsDetailViewMac.swift */ = {isa = PBXFileReference; lastKnownFileType = sourcecode.swift; path = LevelsDetailViewMac.swift; sourceTree = "<group>"; };
		CB6F9E402C12E25900E5C626 /* BlankSpaceViewModel.swift */ = {isa = PBXFileReference; lastKnownFileType = sourcecode.swift; path = BlankSpaceViewModel.swift; sourceTree = "<group>"; };
		CBF6DC0F2C119EB1009765DB /* LevelsViewMac.swift */ = {isa = PBXFileReference; lastKnownFileType = sourcecode.swift; path = LevelsViewMac.swift; sourceTree = "<group>"; };
		CBF6DC112C119ED6009765DB /* SayTheWordViewMac.swift */ = {isa = PBXFileReference; lastKnownFileType = sourcecode.swift; path = SayTheWordViewMac.swift; sourceTree = "<group>"; };
		CBF6DC132C119EF3009765DB /* SayTheWordViewModelMac.swift */ = {isa = PBXFileReference; lastKnownFileType = sourcecode.swift; path = SayTheWordViewModelMac.swift; sourceTree = "<group>"; };
		D96774322C12FC6D00010663 /* StreakManager.swift */ = {isa = PBXFileReference; lastKnownFileType = sourcecode.swift; path = StreakManager.swift; sourceTree = "<group>"; };
/* End PBXFileReference section */

/* Begin PBXFrameworksBuildPhase section */
		04A646762C1185400019C5CF /* Frameworks */ = {
			isa = PBXFrameworksBuildPhase;
			buildActionMask = 2147483647;
			files = (
			);
			runOnlyForDeploymentPostprocessing = 0;
		};
		04A6468B2C11868F0019C5CF /* Frameworks */ = {
			isa = PBXFrameworksBuildPhase;
			buildActionMask = 2147483647;
			files = (
			);
			runOnlyForDeploymentPostprocessing = 0;
		};
/* End PBXFrameworksBuildPhase section */

/* Begin PBXGroup section */
		045FA77A2C12C7720092F66E /* Components */ = {
			isa = PBXGroup;
			children = (
				045FA77B2C12C7890092F66E /* ClearButtonStyle.swift */,
				045FA77D2C12CA2B0092F66E /* BlankSpaceClearLevelButtonStyle.swift */,
				045FA77F2C12CA5D0092F66E /* ClearLevelDetailButtonStyle.swift */,
				04A646FB2C11D4EE0019C5CF /* CustomTextFieldMac.swift */,
			);
			path = Components;
			sourceTree = "<group>";
		};
		04A646702C1185400019C5CF = {
			isa = PBXGroup;
			children = (
				04A6467B2C1185400019C5CF /* LingoQuest */,
				04A6468F2C11868F0019C5CF /* LingoQuestMac */,
				04A6467A2C1185400019C5CF /* Products */,
			);
			sourceTree = "<group>";
		};
		04A6467A2C1185400019C5CF /* Products */ = {
			isa = PBXGroup;
			children = (
				04A646792C1185400019C5CF /* LingoQuest.app */,
				04A6468E2C11868F0019C5CF /* LingoQuestMac.app */,
			);
			name = Products;
			sourceTree = "<group>";
		};
		04A6467B2C1185400019C5CF /* LingoQuest */ = {
			isa = PBXGroup;
			children = (
				04A646D42C11CB440019C5CF /* Crossword */,
				04A646BB2C11A6B70019C5CF /* BlankSpace */,
				04A646AF2C11A3660019C5CF /* SayTheWord */,
				04A6469D2C1187730019C5CF /* Components */,
				04A6467C2C1185400019C5CF /* LingoQuestApp.swift */,
				04A6467E2C1185400019C5CF /* ContentView.swift */,
				04A646B72C11A3CE0019C5CF /* SplashScreenView.swift */,
				D96774322C12FC6D00010663 /* StreakManager.swift */,
				04A646802C1185430019C5CF /* Assets.xcassets */,
				04A646822C1185430019C5CF /* Preview Content */,
			);
			path = LingoQuest;
			sourceTree = "<group>";
		};
		04A646822C1185430019C5CF /* Preview Content */ = {
			isa = PBXGroup;
			children = (
				04A646832C1185430019C5CF /* Preview Assets.xcassets */,
			);
			path = "Preview Content";
			sourceTree = "<group>";
		};
		04A6468F2C11868F0019C5CF /* LingoQuestMac */ = {
			isa = PBXGroup;
			children = (
				045FA77A2C12C7720092F66E /* Components */,
				04A647062C11D6F80019C5CF /* BlankSpace */,
				04A646F02C11D41A0019C5CF /* Crossword */,
				CBF6DC0E2C119DD4009765DB /* SayTheWord */,
				04A646902C11868F0019C5CF /* LingoQuestMacApp.swift */,
				04A646922C11868F0019C5CF /* ContentView.swift */,
				04A646942C1186920019C5CF /* Assets.xcassets */,
				04A646992C1186920019C5CF /* LingoQuestMac.entitlements */,
				04A646962C1186920019C5CF /* Preview Content */,
			);
			path = LingoQuestMac;
			sourceTree = "<group>";
		};
		04A646962C1186920019C5CF /* Preview Content */ = {
			isa = PBXGroup;
			children = (
				04A646972C1186920019C5CF /* Preview Assets.xcassets */,
			);
			path = "Preview Content";
			sourceTree = "<group>";
		};
		04A6469D2C1187730019C5CF /* Components */ = {
			isa = PBXGroup;
			children = (
				04A646ED2C11CDE00019C5CF /* CustomTextField.swift */,
				045FA7872C12D3C40092F66E /* Cute Avalanche - RKVC.mp3 */,
				045FA7782C12C6290092F66E /* Coordinator.swift */,
				045FA7812C12D3450092F66E /* AudioManager.swift */,
			);
			path = Components;
			sourceTree = "<group>";
		};
		04A646A72C11A3660019C5CF /* Model */ = {
			isa = PBXGroup;
			children = (
				04A646A52C11A3660019C5CF /* LevelData.swift */,
				04A646A62C11A3660019C5CF /* SpeechRecognizer.swift */,
			);
			path = Model;
			sourceTree = "<group>";
		};
		04A646AA2C11A3660019C5CF /* View */ = {
			isa = PBXGroup;
			children = (
				04A646A82C11A3660019C5CF /* Levelsview.swift */,
				04A646A92C11A3660019C5CF /* SayTheWordView.swift */,
			);
			path = View;
			sourceTree = "<group>";
		};
		04A646AD2C11A3660019C5CF /* ViewModel */ = {
			isa = PBXGroup;
			children = (
				04A646AB2C11A3660019C5CF /* LevelsViewModel.swift */,
				04A646AC2C11A3660019C5CF /* SayTheWordViewModel.swift */,
			);
			path = ViewModel;
			sourceTree = "<group>";
		};
		04A646AF2C11A3660019C5CF /* SayTheWord */ = {
			isa = PBXGroup;
			children = (
				04A646A72C11A3660019C5CF /* Model */,
				04A646AA2C11A3660019C5CF /* View */,
				04A646AD2C11A3660019C5CF /* ViewModel */,
				04A646AE2C11A3660019C5CF /* words.json */,
			);
			name = SayTheWord;
			path = LingoQuest/SayTheWord;
			sourceTree = SOURCE_ROOT;
		};
		04A646BB2C11A6B70019C5CF /* BlankSpace */ = {
			isa = PBXGroup;
			children = (
				04A646BE2C11A6D30019C5CF /* View */,
				04A646BD2C11A6CB0019C5CF /* View Model */,
				04A646BC2C11A6C10019C5CF /* Model */,
				04A646BF2C11A7250019C5CF /* levels.json */,
			);
			path = BlankSpace;
			sourceTree = "<group>";
		};
		04A646BC2C11A6C10019C5CF /* Model */ = {
			isa = PBXGroup;
			children = (
				04A646D12C11A8B70019C5CF /* BlankSpaceModel.swift */,
			);
			path = Model;
			sourceTree = "<group>";
		};
		04A646BD2C11A6CB0019C5CF /* View Model */ = {
			isa = PBXGroup;
			children = (
				04A646C42C11A7B80019C5CF /* BlankSpaceViewModel.swift */,
				04A646C72C11A7CE0019C5CF /* BlankSpaceLevelViewModel.swift */,
			);
			path = "View Model";
			sourceTree = "<group>";
		};
		04A646BE2C11A6D30019C5CF /* View */ = {
			isa = PBXGroup;
			children = (
				04A646CA2C11A7EF0019C5CF /* BlankSpaceView.swift */,
				04A646CC2C11A8030019C5CF /* LevelView.swift */,
			);
			path = View;
			sourceTree = "<group>";
		};
		04A646D42C11CB440019C5CF /* Crossword */ = {
			isa = PBXGroup;
			children = (
				04A646D72C11CB6D0019C5CF /* View */,
				04A646D62C11CB620019C5CF /* View Model */,
				04A646D52C11CB5A0019C5CF /* Model */,
				04A646D82C11CB8E0019C5CF /* CrosswordLevels.json */,
			);
			path = Crossword;
			sourceTree = "<group>";
		};
		04A646D52C11CB5A0019C5CF /* Model */ = {
			isa = PBXGroup;
			children = (
				04A646DB2C11CBC40019C5CF /* CrosswordAnswerModel.swift */,
				04A646DD2C11CBE10019C5CF /* CrosswordCell.swift */,
				04A646DF2C11CBF80019C5CF /* CrosswordLevelModel.swift */,
				04A646E12C11CC0A0019C5CF /* CrosswordQuestionModel.swift */,
			);
			path = Model;
			sourceTree = "<group>";
		};
		04A646D62C11CB620019C5CF /* View Model */ = {
			isa = PBXGroup;
			children = (
				04A646E32C11CD0A0019C5CF /* CrosswordLevelsViewModel.swift */,
				04A646E52C11CD2F0019C5CF /* CrosswordViewModel.swift */,
			);
			path = "View Model";
			sourceTree = "<group>";
		};
		04A646D72C11CB6D0019C5CF /* View */ = {
			isa = PBXGroup;
			children = (
				04A646E72C11CD660019C5CF /* CellView.swift */,
				04A646E92C11CDB80019C5CF /* CrosswordLevelsView.swift */,
				04A646EB2C11CDD40019C5CF /* CrosswordView.swift */,
			);
			path = View;
			sourceTree = "<group>";
		};
		04A646F02C11D41A0019C5CF /* Crossword */ = {
			isa = PBXGroup;
			children = (
				04A646F12C11D4220019C5CF /* View */,
			);
			path = Crossword;
			sourceTree = "<group>";
		};
		04A646F12C11D4220019C5CF /* View */ = {
			isa = PBXGroup;
			children = (
				04A646F22C11D43C0019C5CF /* CellViewMac.swift */,
				04A646F42C11D48A0019C5CF /* CrosswordDetailViewMac.swift */,
				04A646F72C11D4AE0019C5CF /* CrosswordLevelsViewMac.swift */,
				04A646F92C11D4CE0019C5CF /* CrosswordViewMac.swift */,
			);
			path = View;
			sourceTree = "<group>";
		};
		04A647062C11D6F80019C5CF /* BlankSpace */ = {
			isa = PBXGroup;
			children = (
				CB6F9E3F2C12E22900E5C626 /* ViewModel */,
				04A647072C11D7020019C5CF /* View */,
			);
			path = BlankSpace;
			sourceTree = "<group>";
		};
		04A647072C11D7020019C5CF /* View */ = {
			isa = PBXGroup;
			children = (
				04A647082C11D71A0019C5CF /* BlankSpaceViewMac.swift */,
				04A6470A2C11D7460019C5CF /* LevelDetailViewMac.swift */,
				04A6470C2C11D75A0019C5CF /* LevelViewMac.swift */,
			);
			path = View;
			sourceTree = "<group>";
		};
		CB6F9E3F2C12E22900E5C626 /* ViewModel */ = {
			isa = PBXGroup;
			children = (
				CB6F9E402C12E25900E5C626 /* BlankSpaceViewModel.swift */,
			);
			path = ViewModel;
			sourceTree = "<group>";
		};
		CBF6DC032C119D51009765DB /* View */ = {
			isa = PBXGroup;
			children = (
				CB6F9E2C2C120FE100E5C626 /* LevelsDetailViewMac.swift */,
				CBF6DC0F2C119EB1009765DB /* LevelsViewMac.swift */,
				CBF6DC112C119ED6009765DB /* SayTheWordViewMac.swift */,
			);
			path = View;
			sourceTree = "<group>";
		};
		CBF6DC042C119D57009765DB /* ViewModel */ = {
			isa = PBXGroup;
			children = (
				CBF6DC132C119EF3009765DB /* SayTheWordViewModelMac.swift */,
			);
			path = ViewModel;
			sourceTree = "<group>";
		};
		CBF6DC0E2C119DD4009765DB /* SayTheWord */ = {
			isa = PBXGroup;
			children = (
				CBF6DC032C119D51009765DB /* View */,
				CBF6DC042C119D57009765DB /* ViewModel */,
			);
			path = SayTheWord;
			sourceTree = "<group>";
		};
/* End PBXGroup section */

/* Begin PBXNativeTarget section */
		04A646782C1185400019C5CF /* LingoQuest */ = {
			isa = PBXNativeTarget;
			buildConfigurationList = 04A646872C1185430019C5CF /* Build configuration list for PBXNativeTarget "LingoQuest" */;
			buildPhases = (
				04A646752C1185400019C5CF /* Sources */,
				04A646762C1185400019C5CF /* Frameworks */,
				04A646772C1185400019C5CF /* Resources */,
			);
			buildRules = (
			);
			dependencies = (
			);
			name = LingoQuest;
			productName = LingoQuest;
			productReference = 04A646792C1185400019C5CF /* LingoQuest.app */;
			productType = "com.apple.product-type.application";
		};
		04A6468D2C11868F0019C5CF /* LingoQuestMac */ = {
			isa = PBXNativeTarget;
			buildConfigurationList = 04A6469A2C1186920019C5CF /* Build configuration list for PBXNativeTarget "LingoQuestMac" */;
			buildPhases = (
				04A6468A2C11868F0019C5CF /* Sources */,
				04A6468B2C11868F0019C5CF /* Frameworks */,
				04A6468C2C11868F0019C5CF /* Resources */,
			);
			buildRules = (
			);
			dependencies = (
			);
			name = LingoQuestMac;
			productName = LingoQuestMac;
			productReference = 04A6468E2C11868F0019C5CF /* LingoQuestMac.app */;
			productType = "com.apple.product-type.application";
		};
/* End PBXNativeTarget section */

/* Begin PBXProject section */
		04A646712C1185400019C5CF /* Project object */ = {
			isa = PBXProject;
			attributes = {
				BuildIndependentTargetsInParallel = 1;
				LastSwiftUpdateCheck = 1540;
				LastUpgradeCheck = 1540;
				TargetAttributes = {
					04A646782C1185400019C5CF = {
						CreatedOnToolsVersion = 15.4;
					};
					04A6468D2C11868F0019C5CF = {
						CreatedOnToolsVersion = 15.4;
					};
				};
			};
			buildConfigurationList = 04A646742C1185400019C5CF /* Build configuration list for PBXProject "LingoQuest" */;
			compatibilityVersion = "Xcode 14.0";
			developmentRegion = en;
			hasScannedForEncodings = 0;
			knownRegions = (
				en,
				Base,
			);
			mainGroup = 04A646702C1185400019C5CF;
			productRefGroup = 04A6467A2C1185400019C5CF /* Products */;
			projectDirPath = "";
			projectRoot = "";
			targets = (
				04A646782C1185400019C5CF /* LingoQuest */,
				04A6468D2C11868F0019C5CF /* LingoQuestMac */,
			);
		};
/* End PBXProject section */

/* Begin PBXResourcesBuildPhase section */
		04A646772C1185400019C5CF /* Resources */ = {
			isa = PBXResourcesBuildPhase;
			buildActionMask = 2147483647;
			files = (
				04A646B62C11A3660019C5CF /* words.json in Resources */,
				04A646D92C11CB8E0019C5CF /* CrosswordLevels.json in Resources */,
				04A646842C1185430019C5CF /* Preview Assets.xcassets in Resources */,
				04A646C02C11A7250019C5CF /* levels.json in Resources */,
				04A646812C1185430019C5CF /* Assets.xcassets in Resources */,
			);
			runOnlyForDeploymentPostprocessing = 0;
		};
		04A6468C2C11868F0019C5CF /* Resources */ = {
			isa = PBXResourcesBuildPhase;
			buildActionMask = 2147483647;
			files = (
				04A646982C1186920019C5CF /* Preview Assets.xcassets in Resources */,
				04A646952C1186920019C5CF /* Assets.xcassets in Resources */,
				04A647112C11D7860019C5CF /* levels.json in Resources */,
				04A646DA2C11CB8E0019C5CF /* CrosswordLevels.json in Resources */,
				04A647122C11D7900019C5CF /* words.json in Resources */,
			);
			runOnlyForDeploymentPostprocessing = 0;
		};
/* End PBXResourcesBuildPhase section */

/* Begin PBXSourcesBuildPhase section */
		04A646752C1185400019C5CF /* Sources */ = {
			isa = PBXSourcesBuildPhase;
			buildActionMask = 2147483647;
			files = (
				04A646E82C11CD660019C5CF /* CellView.swift in Sources */,
				04A646B52C11A3660019C5CF /* SayTheWordViewModel.swift in Sources */,
				04A646B32C11A3660019C5CF /* SayTheWordView.swift in Sources */,
				04A646E42C11CD0A0019C5CF /* CrosswordLevelsViewModel.swift in Sources */,
				04A646B12C11A3660019C5CF /* SpeechRecognizer.swift in Sources */,
				04A646CD2C11A8030019C5CF /* LevelView.swift in Sources */,
				04A646EA2C11CDB80019C5CF /* CrosswordLevelsView.swift in Sources */,
				04A646C52C11A7B80019C5CF /* BlankSpaceViewModel.swift in Sources */,
				045FA7792C12C6290092F66E /* Coordinator.swift in Sources */,
				04A646B22C11A3660019C5CF /* Levelsview.swift in Sources */,
				04A646EE2C11CDE00019C5CF /* CustomTextField.swift in Sources */,
				D96774332C12FC6D00010663 /* StreakManager.swift in Sources */,
				04A646B02C11A3660019C5CF /* LevelData.swift in Sources */,
				04A646DE2C11CBE10019C5CF /* CrosswordCell.swift in Sources */,
				04A6467F2C1185400019C5CF /* ContentView.swift in Sources */,
				04A646E02C11CBF80019C5CF /* CrosswordLevelModel.swift in Sources */,
				04A6467D2C1185400019C5CF /* LingoQuestApp.swift in Sources */,
				04A646B82C11A3CE0019C5CF /* SplashScreenView.swift in Sources */,
				04A646CB2C11A7EF0019C5CF /* BlankSpaceView.swift in Sources */,
				04A646E22C11CC0A0019C5CF /* CrosswordQuestionModel.swift in Sources */,
				04A646C82C11A7CE0019C5CF /* BlankSpaceLevelViewModel.swift in Sources */,
				04A646DC2C11CBC40019C5CF /* CrosswordAnswerModel.swift in Sources */,
				04A646D22C11A8B70019C5CF /* BlankSpaceModel.swift in Sources */,
				04A646E62C11CD2F0019C5CF /* CrosswordViewModel.swift in Sources */,
				045FA7822C12D3450092F66E /* AudioManager.swift in Sources */,
				04A646B42C11A3660019C5CF /* LevelsViewModel.swift in Sources */,
				04A646EC2C11CDD40019C5CF /* CrosswordView.swift in Sources */,
			);
			runOnlyForDeploymentPostprocessing = 0;
		};
		04A6468A2C11868F0019C5CF /* Sources */ = {
			isa = PBXSourcesBuildPhase;
			buildActionMask = 2147483647;
			files = (
				04A646F32C11D43C0019C5CF /* CellViewMac.swift in Sources */,
				CBF6DC122C119ED6009765DB /* SayTheWordViewMac.swift in Sources */,
				D96774342C12FFA600010663 /* StreakManager.swift in Sources */,
				04A646FD2C11D5290019C5CF /* CrosswordCell.swift in Sources */,
				04A646932C11868F0019C5CF /* ContentView.swift in Sources */,
				04A6470E2C11D7860019C5CF /* BlankSpaceModel.swift in Sources */,
				04A6470F2C11D7860019C5CF /* BlankSpaceLevelViewModel.swift in Sources */,
				04A646EF2C11D22D0019C5CF /* LevelsViewModel.swift in Sources */,
				04A647012C11D5390019C5CF /* CrosswordLevelsViewModel.swift in Sources */,
				04A647022C11D5390019C5CF /* CrosswordViewModel.swift in Sources */,
				04A646912C11868F0019C5CF /* LingoQuestMacApp.swift in Sources */,
				04A647002C11D5330019C5CF /* CrosswordQuestionModel.swift in Sources */,
				04A647032C11D5B10019C5CF /* LevelData.swift in Sources */,
				04A6470B2C11D7460019C5CF /* LevelDetailViewMac.swift in Sources */,
				04A646F52C11D48A0019C5CF /* CrosswordDetailViewMac.swift in Sources */,
				CBF6DC102C119EB1009765DB /* LevelsViewMac.swift in Sources */,
				CBF6DC142C119EF3009765DB /* SayTheWordViewModelMac.swift in Sources */,
				045FA7802C12CA5D0092F66E /* ClearLevelDetailButtonStyle.swift in Sources */,
				045FA7832C12D3450092F66E /* AudioManager.swift in Sources */,
				04A646FF2C11D5300019C5CF /* CrosswordLevelModel.swift in Sources */,
				04A646FC2C11D4EE0019C5CF /* CustomTextFieldMac.swift in Sources */,
				045FA77E2C12CA2B0092F66E /* BlankSpaceClearLevelButtonStyle.swift in Sources */,
				04A646F82C11D4AE0019C5CF /* CrosswordLevelsViewMac.swift in Sources */,
				04A646FA2C11D4CE0019C5CF /* CrosswordViewMac.swift in Sources */,
				04A646FE2C11D52D0019C5CF /* CrosswordAnswerModel.swift in Sources */,
				04A6470D2C11D75A0019C5CF /* LevelViewMac.swift in Sources */,
				CB6F9E412C12E25900E5C626 /* BlankSpaceViewModel.swift in Sources */,
				04A647092C11D71A0019C5CF /* BlankSpaceViewMac.swift in Sources */,
				045FA77C2C12C7890092F66E /* ClearButtonStyle.swift in Sources */,
				CB6F9E2D2C120FE100E5C626 /* LevelsDetailViewMac.swift in Sources */,
			);
			runOnlyForDeploymentPostprocessing = 0;
		};
/* End PBXSourcesBuildPhase section */

/* Begin XCBuildConfiguration section */
		04A646852C1185430019C5CF /* Debug */ = {
			isa = XCBuildConfiguration;
			buildSettings = {
				ALWAYS_SEARCH_USER_PATHS = NO;
				ASSETCATALOG_COMPILER_GENERATE_SWIFT_ASSET_SYMBOL_EXTENSIONS = YES;
				CLANG_ANALYZER_NONNULL = YES;
				CLANG_ANALYZER_NUMBER_OBJECT_CONVERSION = YES_AGGRESSIVE;
				CLANG_CXX_LANGUAGE_STANDARD = "gnu++20";
				CLANG_ENABLE_MODULES = YES;
				CLANG_ENABLE_OBJC_ARC = YES;
				CLANG_ENABLE_OBJC_WEAK = YES;
				CLANG_WARN_BLOCK_CAPTURE_AUTORELEASING = YES;
				CLANG_WARN_BOOL_CONVERSION = YES;
				CLANG_WARN_COMMA = YES;
				CLANG_WARN_CONSTANT_CONVERSION = YES;
				CLANG_WARN_DEPRECATED_OBJC_IMPLEMENTATIONS = YES;
				CLANG_WARN_DIRECT_OBJC_ISA_USAGE = YES_ERROR;
				CLANG_WARN_DOCUMENTATION_COMMENTS = YES;
				CLANG_WARN_EMPTY_BODY = YES;
				CLANG_WARN_ENUM_CONVERSION = YES;
				CLANG_WARN_INFINITE_RECURSION = YES;
				CLANG_WARN_INT_CONVERSION = YES;
				CLANG_WARN_NON_LITERAL_NULL_CONVERSION = YES;
				CLANG_WARN_OBJC_IMPLICIT_RETAIN_SELF = YES;
				CLANG_WARN_OBJC_LITERAL_CONVERSION = YES;
				CLANG_WARN_OBJC_ROOT_CLASS = YES_ERROR;
				CLANG_WARN_QUOTED_INCLUDE_IN_FRAMEWORK_HEADER = YES;
				CLANG_WARN_RANGE_LOOP_ANALYSIS = YES;
				CLANG_WARN_STRICT_PROTOTYPES = YES;
				CLANG_WARN_SUSPICIOUS_MOVE = YES;
				CLANG_WARN_UNGUARDED_AVAILABILITY = YES_AGGRESSIVE;
				CLANG_WARN_UNREACHABLE_CODE = YES;
				CLANG_WARN__DUPLICATE_METHOD_MATCH = YES;
				COPY_PHASE_STRIP = NO;
				DEBUG_INFORMATION_FORMAT = dwarf;
				ENABLE_STRICT_OBJC_MSGSEND = YES;
				ENABLE_TESTABILITY = YES;
				ENABLE_USER_SCRIPT_SANDBOXING = YES;
				GCC_C_LANGUAGE_STANDARD = gnu17;
				GCC_DYNAMIC_NO_PIC = NO;
				GCC_NO_COMMON_BLOCKS = YES;
				GCC_OPTIMIZATION_LEVEL = 0;
				GCC_PREPROCESSOR_DEFINITIONS = (
					"DEBUG=1",
					"$(inherited)",
				);
				GCC_WARN_64_TO_32_BIT_CONVERSION = YES;
				GCC_WARN_ABOUT_RETURN_TYPE = YES_ERROR;
				GCC_WARN_UNDECLARED_SELECTOR = YES;
				GCC_WARN_UNINITIALIZED_AUTOS = YES_AGGRESSIVE;
				GCC_WARN_UNUSED_FUNCTION = YES;
				GCC_WARN_UNUSED_VARIABLE = YES;
				IPHONEOS_DEPLOYMENT_TARGET = 17.5;
				LOCALIZATION_PREFERS_STRING_CATALOGS = YES;
				MTL_ENABLE_DEBUG_INFO = INCLUDE_SOURCE;
				MTL_FAST_MATH = YES;
				ONLY_ACTIVE_ARCH = YES;
				SDKROOT = iphoneos;
				SWIFT_ACTIVE_COMPILATION_CONDITIONS = "DEBUG $(inherited)";
				SWIFT_OPTIMIZATION_LEVEL = "-Onone";
			};
			name = Debug;
		};
		04A646862C1185430019C5CF /* Release */ = {
			isa = XCBuildConfiguration;
			buildSettings = {
				ALWAYS_SEARCH_USER_PATHS = NO;
				ASSETCATALOG_COMPILER_GENERATE_SWIFT_ASSET_SYMBOL_EXTENSIONS = YES;
				CLANG_ANALYZER_NONNULL = YES;
				CLANG_ANALYZER_NUMBER_OBJECT_CONVERSION = YES_AGGRESSIVE;
				CLANG_CXX_LANGUAGE_STANDARD = "gnu++20";
				CLANG_ENABLE_MODULES = YES;
				CLANG_ENABLE_OBJC_ARC = YES;
				CLANG_ENABLE_OBJC_WEAK = YES;
				CLANG_WARN_BLOCK_CAPTURE_AUTORELEASING = YES;
				CLANG_WARN_BOOL_CONVERSION = YES;
				CLANG_WARN_COMMA = YES;
				CLANG_WARN_CONSTANT_CONVERSION = YES;
				CLANG_WARN_DEPRECATED_OBJC_IMPLEMENTATIONS = YES;
				CLANG_WARN_DIRECT_OBJC_ISA_USAGE = YES_ERROR;
				CLANG_WARN_DOCUMENTATION_COMMENTS = YES;
				CLANG_WARN_EMPTY_BODY = YES;
				CLANG_WARN_ENUM_CONVERSION = YES;
				CLANG_WARN_INFINITE_RECURSION = YES;
				CLANG_WARN_INT_CONVERSION = YES;
				CLANG_WARN_NON_LITERAL_NULL_CONVERSION = YES;
				CLANG_WARN_OBJC_IMPLICIT_RETAIN_SELF = YES;
				CLANG_WARN_OBJC_LITERAL_CONVERSION = YES;
				CLANG_WARN_OBJC_ROOT_CLASS = YES_ERROR;
				CLANG_WARN_QUOTED_INCLUDE_IN_FRAMEWORK_HEADER = YES;
				CLANG_WARN_RANGE_LOOP_ANALYSIS = YES;
				CLANG_WARN_STRICT_PROTOTYPES = YES;
				CLANG_WARN_SUSPICIOUS_MOVE = YES;
				CLANG_WARN_UNGUARDED_AVAILABILITY = YES_AGGRESSIVE;
				CLANG_WARN_UNREACHABLE_CODE = YES;
				CLANG_WARN__DUPLICATE_METHOD_MATCH = YES;
				COPY_PHASE_STRIP = NO;
				DEBUG_INFORMATION_FORMAT = "dwarf-with-dsym";
				ENABLE_NS_ASSERTIONS = NO;
				ENABLE_STRICT_OBJC_MSGSEND = YES;
				ENABLE_USER_SCRIPT_SANDBOXING = YES;
				GCC_C_LANGUAGE_STANDARD = gnu17;
				GCC_NO_COMMON_BLOCKS = YES;
				GCC_WARN_64_TO_32_BIT_CONVERSION = YES;
				GCC_WARN_ABOUT_RETURN_TYPE = YES_ERROR;
				GCC_WARN_UNDECLARED_SELECTOR = YES;
				GCC_WARN_UNINITIALIZED_AUTOS = YES_AGGRESSIVE;
				GCC_WARN_UNUSED_FUNCTION = YES;
				GCC_WARN_UNUSED_VARIABLE = YES;
				IPHONEOS_DEPLOYMENT_TARGET = 17.5;
				LOCALIZATION_PREFERS_STRING_CATALOGS = YES;
				MTL_ENABLE_DEBUG_INFO = NO;
				MTL_FAST_MATH = YES;
				SDKROOT = iphoneos;
				SWIFT_COMPILATION_MODE = wholemodule;
				VALIDATE_PRODUCT = YES;
			};
			name = Release;
		};
		04A646882C1185430019C5CF /* Debug */ = {
			isa = XCBuildConfiguration;
			buildSettings = {
				ASSETCATALOG_COMPILER_APPICON_NAME = AppIcon;
				ASSETCATALOG_COMPILER_GLOBAL_ACCENT_COLOR_NAME = AccentColor;
				CODE_SIGN_STYLE = Automatic;
				CURRENT_PROJECT_VERSION = 1;
				DEVELOPMENT_ASSET_PATHS = "\"LingoQuest/Preview Content\"";
				DEVELOPMENT_TEAM = "";
				ENABLE_PREVIEWS = YES;
				GENERATE_INFOPLIST_FILE = YES;
				INFOPLIST_KEY_NSMicrophoneUsageDescription = "";
				INFOPLIST_KEY_NSSpeechRecognitionUsageDescription = "";
				INFOPLIST_KEY_UIApplicationSceneManifest_Generation = YES;
				INFOPLIST_KEY_UIApplicationSupportsIndirectInputEvents = YES;
				INFOPLIST_KEY_UILaunchScreen_Generation = YES;
				INFOPLIST_KEY_UISupportedInterfaceOrientations_iPad = "UIInterfaceOrientationPortrait UIInterfaceOrientationPortraitUpsideDown UIInterfaceOrientationLandscapeLeft UIInterfaceOrientationLandscapeRight";
				INFOPLIST_KEY_UISupportedInterfaceOrientations_iPhone = "UIInterfaceOrientationPortrait UIInterfaceOrientationLandscapeLeft UIInterfaceOrientationLandscapeRight";
				IPHONEOS_DEPLOYMENT_TARGET = 17.5;
				LD_RUNPATH_SEARCH_PATHS = (
					"$(inherited)",
					"@executable_path/Frameworks",
				);
				MARKETING_VERSION = 1.0;
				PRODUCT_BUNDLE_IDENTIFIER = LingoQuest.LingoQuest;
				PRODUCT_NAME = "$(TARGET_NAME)";
				SWIFT_EMIT_LOC_STRINGS = YES;
				SWIFT_VERSION = 5.0;
				TARGETED_DEVICE_FAMILY = "1,2";
			};
			name = Debug;
		};
		04A646892C1185430019C5CF /* Release */ = {
			isa = XCBuildConfiguration;
			buildSettings = {
				ASSETCATALOG_COMPILER_APPICON_NAME = AppIcon;
				ASSETCATALOG_COMPILER_GLOBAL_ACCENT_COLOR_NAME = AccentColor;
				CODE_SIGN_STYLE = Automatic;
				CURRENT_PROJECT_VERSION = 1;
				DEVELOPMENT_ASSET_PATHS = "\"LingoQuest/Preview Content\"";
				DEVELOPMENT_TEAM = "";
				ENABLE_PREVIEWS = YES;
				GENERATE_INFOPLIST_FILE = YES;
				INFOPLIST_KEY_NSMicrophoneUsageDescription = "";
				INFOPLIST_KEY_NSSpeechRecognitionUsageDescription = "";
				INFOPLIST_KEY_UIApplicationSceneManifest_Generation = YES;
				INFOPLIST_KEY_UIApplicationSupportsIndirectInputEvents = YES;
				INFOPLIST_KEY_UILaunchScreen_Generation = YES;
				INFOPLIST_KEY_UISupportedInterfaceOrientations_iPad = "UIInterfaceOrientationPortrait UIInterfaceOrientationPortraitUpsideDown UIInterfaceOrientationLandscapeLeft UIInterfaceOrientationLandscapeRight";
				INFOPLIST_KEY_UISupportedInterfaceOrientations_iPhone = "UIInterfaceOrientationPortrait UIInterfaceOrientationLandscapeLeft UIInterfaceOrientationLandscapeRight";
				IPHONEOS_DEPLOYMENT_TARGET = 17.5;
				LD_RUNPATH_SEARCH_PATHS = (
					"$(inherited)",
					"@executable_path/Frameworks",
				);
				MARKETING_VERSION = 1.0;
				PRODUCT_BUNDLE_IDENTIFIER = LingoQuest.LingoQuest;
				PRODUCT_NAME = "$(TARGET_NAME)";
				SWIFT_EMIT_LOC_STRINGS = YES;
				SWIFT_VERSION = 5.0;
				TARGETED_DEVICE_FAMILY = "1,2";
			};
			name = Release;
		};
		04A6469B2C1186920019C5CF /* Debug */ = {
			isa = XCBuildConfiguration;
			buildSettings = {
				ASSETCATALOG_COMPILER_APPICON_NAME = AppIcon;
				ASSETCATALOG_COMPILER_GLOBAL_ACCENT_COLOR_NAME = AccentColor;
				CODE_SIGN_ENTITLEMENTS = LingoQuestMac/LingoQuestMac.entitlements;
				"CODE_SIGN_IDENTITY[sdk=macosx*]" = "-";
				CODE_SIGN_STYLE = Automatic;
				COMBINE_HIDPI_IMAGES = YES;
				CURRENT_PROJECT_VERSION = 1;
				DEVELOPMENT_ASSET_PATHS = "\"LingoQuestMac/Preview Content\"";
				DEVELOPMENT_TEAM = "";
				ENABLE_HARDENED_RUNTIME = YES;
				ENABLE_PREVIEWS = YES;
				GENERATE_INFOPLIST_FILE = YES;
				INFOPLIST_KEY_NSHumanReadableCopyright = "";
				INFOPLIST_KEY_NSMicrophoneUsageDescription = "";
				INFOPLIST_KEY_NSSpeechRecognitionUsageDescription = "";
				LD_RUNPATH_SEARCH_PATHS = (
					"$(inherited)",
					"@executable_path/../Frameworks",
				);
				MACOSX_DEPLOYMENT_TARGET = 14.5;
				MARKETING_VERSION = 1.0;
				PRODUCT_BUNDLE_IDENTIFIER = LingoQuest.LingoQuestMac;
				PRODUCT_NAME = "$(TARGET_NAME)";
				SDKROOT = macosx;
				SWIFT_EMIT_LOC_STRINGS = YES;
				SWIFT_VERSION = 5.0;
			};
			name = Debug;
		};
		04A6469C2C1186920019C5CF /* Release */ = {
			isa = XCBuildConfiguration;
			buildSettings = {
				ASSETCATALOG_COMPILER_APPICON_NAME = AppIcon;
				ASSETCATALOG_COMPILER_GLOBAL_ACCENT_COLOR_NAME = AccentColor;
				CODE_SIGN_ENTITLEMENTS = LingoQuestMac/LingoQuestMac.entitlements;
				"CODE_SIGN_IDENTITY[sdk=macosx*]" = "-";
				CODE_SIGN_STYLE = Automatic;
				COMBINE_HIDPI_IMAGES = YES;
				CURRENT_PROJECT_VERSION = 1;
				DEVELOPMENT_ASSET_PATHS = "\"LingoQuestMac/Preview Content\"";
				DEVELOPMENT_TEAM = "";
				ENABLE_HARDENED_RUNTIME = YES;
				ENABLE_PREVIEWS = YES;
				GENERATE_INFOPLIST_FILE = YES;
				INFOPLIST_KEY_NSHumanReadableCopyright = "";
				INFOPLIST_KEY_NSMicrophoneUsageDescription = "";
				INFOPLIST_KEY_NSSpeechRecognitionUsageDescription = "";
				LD_RUNPATH_SEARCH_PATHS = (
					"$(inherited)",
					"@executable_path/../Frameworks",
				);
				MACOSX_DEPLOYMENT_TARGET = 14.5;
				MARKETING_VERSION = 1.0;
				PRODUCT_BUNDLE_IDENTIFIER = LingoQuest.LingoQuestMac;
				PRODUCT_NAME = "$(TARGET_NAME)";
				SDKROOT = macosx;
				SWIFT_EMIT_LOC_STRINGS = YES;
				SWIFT_VERSION = 5.0;
			};
			name = Release;
		};
/* End XCBuildConfiguration section */

/* Begin XCConfigurationList section */
		04A646742C1185400019C5CF /* Build configuration list for PBXProject "LingoQuest" */ = {
			isa = XCConfigurationList;
			buildConfigurations = (
				04A646852C1185430019C5CF /* Debug */,
				04A646862C1185430019C5CF /* Release */,
			);
			defaultConfigurationIsVisible = 0;
			defaultConfigurationName = Release;
		};
		04A646872C1185430019C5CF /* Build configuration list for PBXNativeTarget "LingoQuest" */ = {
			isa = XCConfigurationList;
			buildConfigurations = (
				04A646882C1185430019C5CF /* Debug */,
				04A646892C1185430019C5CF /* Release */,
			);
			defaultConfigurationIsVisible = 0;
			defaultConfigurationName = Release;
		};
		04A6469A2C1186920019C5CF /* Build configuration list for PBXNativeTarget "LingoQuestMac" */ = {
			isa = XCConfigurationList;
			buildConfigurations = (
				04A6469B2C1186920019C5CF /* Debug */,
				04A6469C2C1186920019C5CF /* Release */,
			);
			defaultConfigurationIsVisible = 0;
			defaultConfigurationName = Release;
		};
/* End XCConfigurationList section */
	};
	rootObject = 04A646712C1185400019C5CF /* Project object */;
}
