// !$*UTF8*$!
{
	archiveVersion = 1;
	classes = {
	};
	objectVersion = 56;
	objects = {

/* Begin PBXBuildFile section */
		04A6467D2C1185400019C5CF /* LingoQuestApp.swift in Sources */ = {isa = PBXBuildFile; fileRef = 04A6467C2C1185400019C5CF /* LingoQuestApp.swift */; };
		04A6467F2C1185400019C5CF /* ContentView.swift in Sources */ = {isa = PBXBuildFile; fileRef = 04A6467E2C1185400019C5CF /* ContentView.swift */; };
		04A646812C1185430019C5CF /* Assets.xcassets in Resources */ = {isa = PBXBuildFile; fileRef = 04A646802C1185430019C5CF /* Assets.xcassets */; };
		04A646842C1185430019C5CF /* Preview Assets.xcassets in Resources */ = {isa = PBXBuildFile; fileRef = 04A646832C1185430019C5CF /* Preview Assets.xcassets */; };
		04A646912C11868F0019C5CF /* LingoQuestMacApp.swift in Sources */ = {isa = PBXBuildFile; fileRef = 04A646902C11868F0019C5CF /* LingoQuestMacApp.swift */; };
		04A646932C11868F0019C5CF /* ContentView.swift in Sources */ = {isa = PBXBuildFile; fileRef = 04A646922C11868F0019C5CF /* ContentView.swift */; };
		04A646952C1186920019C5CF /* Assets.xcassets in Resources */ = {isa = PBXBuildFile; fileRef = 04A646942C1186920019C5CF /* Assets.xcassets */; };
		04A646982C1186920019C5CF /* Preview Assets.xcassets in Resources */ = {isa = PBXBuildFile; fileRef = 04A646972C1186920019C5CF /* Preview Assets.xcassets */; };
		04A6469F2C11882B0019C5CF /* CustomButton.swift in Sources */ = {isa = PBXBuildFile; fileRef = 04A6469E2C11882B0019C5CF /* CustomButton.swift */; };
		04A646A02C1189840019C5CF /* CustomButton.swift in Sources */ = {isa = PBXBuildFile; fileRef = 04A6469E2C11882B0019C5CF /* CustomButton.swift */; };
		04A646A22C11962D0019C5CF /* test.swift in Sources */ = {isa = PBXBuildFile; fileRef = 04A646A12C11962D0019C5CF /* test.swift */; };
/* End PBXBuildFile section */

/* Begin PBXFileReference section */
		04A646792C1185400019C5CF /* LingoQuest.app */ = {isa = PBXFileReference; explicitFileType = wrapper.application; includeInIndex = 0; path = LingoQuest.app; sourceTree = BUILT_PRODUCTS_DIR; };
		04A6467C2C1185400019C5CF /* LingoQuestApp.swift */ = {isa = PBXFileReference; lastKnownFileType = sourcecode.swift; path = LingoQuestApp.swift; sourceTree = "<group>"; };
		04A6467E2C1185400019C5CF /* ContentView.swift */ = {isa = PBXFileReference; lastKnownFileType = sourcecode.swift; path = ContentView.swift; sourceTree = "<group>"; };
		04A646802C1185430019C5CF /* Assets.xcassets */ = {isa = PBXFileReference; lastKnownFileType = folder.assetcatalog; path = Assets.xcassets; sourceTree = "<group>"; };
		04A646832C1185430019C5CF /* Preview Assets.xcassets */ = {isa = PBXFileReference; lastKnownFileType = folder.assetcatalog; path = "Preview Assets.xcassets"; sourceTree = "<group>"; };
		04A6468E2C11868F0019C5CF /* LingoQuestMac.app */ = {isa = PBXFileReference; explicitFileType = wrapper.application; includeInIndex = 0; path = LingoQuestMac.app; sourceTree = BUILT_PRODUCTS_DIR; };
		04A646902C11868F0019C5CF /* LingoQuestMacApp.swift */ = {isa = PBXFileReference; lastKnownFileType = sourcecode.swift; path = LingoQuestMacApp.swift; sourceTree = "<group>"; };
		04A646922C11868F0019C5CF /* ContentView.swift */ = {isa = PBXFileReference; lastKnownFileType = sourcecode.swift; path = ContentView.swift; sourceTree = "<group>"; };
		04A646942C1186920019C5CF /* Assets.xcassets */ = {isa = PBXFileReference; lastKnownFileType = folder.assetcatalog; path = Assets.xcassets; sourceTree = "<group>"; };
		04A646972C1186920019C5CF /* Preview Assets.xcassets */ = {isa = PBXFileReference; lastKnownFileType = folder.assetcatalog; path = "Preview Assets.xcassets"; sourceTree = "<group>"; };
		04A646992C1186920019C5CF /* LingoQuestMac.entitlements */ = {isa = PBXFileReference; lastKnownFileType = text.plist.entitlements; path = LingoQuestMac.entitlements; sourceTree = "<group>"; };
		04A6469E2C11882B0019C5CF /* CustomButton.swift */ = {isa = PBXFileReference; lastKnownFileType = sourcecode.swift; path = CustomButton.swift; sourceTree = "<group>"; };
		04A646A12C11962D0019C5CF /* test.swift */ = {isa = PBXFileReference; lastKnownFileType = sourcecode.swift; path = test.swift; sourceTree = "<group>"; };
/* End PBXFileReference section */

/* Begin PBXFrameworksBuildPhase section */
		04A646762C1185400019C5CF /* Frameworks */ = {
			isa = PBXFrameworksBuildPhase;
			buildActionMask = 2147483647;
			files = (
			);
			runOnlyForDeploymentPostprocessing = 0;
		};
		04A6468B2C11868F0019C5CF /* Frameworks */ = {
			isa = PBXFrameworksBuildPhase;
			buildActionMask = 2147483647;
			files = (
			);
			runOnlyForDeploymentPostprocessing = 0;
		};
/* End PBXFrameworksBuildPhase section */

/* Begin PBXGroup section */
		04A646702C1185400019C5CF = {
			isa = PBXGroup;
			children = (
				04A6467B2C1185400019C5CF /* LingoQuest */,
				04A6468F2C11868F0019C5CF /* LingoQuestMac */,
				04A6467A2C1185400019C5CF /* Products */,
			);
			sourceTree = "<group>";
		};
		04A6467A2C1185400019C5CF /* Products */ = {
			isa = PBXGroup;
			children = (
				04A646792C1185400019C5CF /* LingoQuest.app */,
				04A6468E2C11868F0019C5CF /* LingoQuestMac.app */,
			);
			name = Products;
			sourceTree = "<group>";
		};
		04A6467B2C1185400019C5CF /* LingoQuest */ = {
			isa = PBXGroup;
			children = (
				04A6469D2C1187730019C5CF /* Components */,
				04A6467C2C1185400019C5CF /* LingoQuestApp.swift */,
				04A6467E2C1185400019C5CF /* ContentView.swift */,
				04A646A12C11962D0019C5CF /* test.swift */,
				04A646802C1185430019C5CF /* Assets.xcassets */,
				04A646822C1185430019C5CF /* Preview Content */,
			);
			path = LingoQuest;
			sourceTree = "<group>";
		};
		04A646822C1185430019C5CF /* Preview Content */ = {
			isa = PBXGroup;
			children = (
				04A646832C1185430019C5CF /* Preview Assets.xcassets */,
			);
			path = "Preview Content";
			sourceTree = "<group>";
		};
		04A6468F2C11868F0019C5CF /* LingoQuestMac */ = {
			isa = PBXGroup;
			children = (
				04A646902C11868F0019C5CF /* LingoQuestMacApp.swift */,
				04A646922C11868F0019C5CF /* ContentView.swift */,
				04A646942C1186920019C5CF /* Assets.xcassets */,
				04A646992C1186920019C5CF /* LingoQuestMac.entitlements */,
				04A646962C1186920019C5CF /* Preview Content */,
			);
			path = LingoQuestMac;
			sourceTree = "<group>";
		};
		04A646962C1186920019C5CF /* Preview Content */ = {
			isa = PBXGroup;
			children = (
				04A646972C1186920019C5CF /* Preview Assets.xcassets */,
			);
			path = "Preview Content";
			sourceTree = "<group>";
		};
		04A6469D2C1187730019C5CF /* Components */ = {
			isa = PBXGroup;
			children = (
				04A6469E2C11882B0019C5CF /* CustomButton.swift */,
			);
			path = Components;
			sourceTree = "<group>";
		};
/* End PBXGroup section */

/* Begin PBXNativeTarget section */
		04A646782C1185400019C5CF /* LingoQuest */ = {
			isa = PBXNativeTarget;
			buildConfigurationList = 04A646872C1185430019C5CF /* Build configuration list for PBXNativeTarget "LingoQuest" */;
			buildPhases = (
				04A646752C1185400019C5CF /* Sources */,
				04A646762C1185400019C5CF /* Frameworks */,
				04A646772C1185400019C5CF /* Resources */,
			);
			buildRules = (
			);
			dependencies = (
			);
			name = LingoQuest;
			productName = LingoQuest;
			productReference = 04A646792C1185400019C5CF /* LingoQuest.app */;
			productType = "com.apple.product-type.application";
		};
		04A6468D2C11868F0019C5CF /* LingoQuestMac */ = {
			isa = PBXNativeTarget;
			buildConfigurationList = 04A6469A2C1186920019C5CF /* Build configuration list for PBXNativeTarget "LingoQuestMac" */;
			buildPhases = (
				04A6468A2C11868F0019C5CF /* Sources */,
				04A6468B2C11868F0019C5CF /* Frameworks */,
				04A6468C2C11868F0019C5CF /* Resources */,
			);
			buildRules = (
			);
			dependencies = (
			);
			name = LingoQuestMac;
			productName = LingoQuestMac;
			productReference = 04A6468E2C11868F0019C5CF /* LingoQuestMac.app */;
			productType = "com.apple.product-type.application";
		};
/* End PBXNativeTarget section */

/* Begin PBXProject section */
		04A646712C1185400019C5CF /* Project object */ = {
			isa = PBXProject;
			attributes = {
				BuildIndependentTargetsInParallel = 1;
				LastSwiftUpdateCheck = 1540;
				LastUpgradeCheck = 1540;
				TargetAttributes = {
					04A646782C1185400019C5CF = {
						CreatedOnToolsVersion = 15.4;
					};
					04A6468D2C11868F0019C5CF = {
						CreatedOnToolsVersion = 15.4;
					};
				};
			};
			buildConfigurationList = 04A646742C1185400019C5CF /* Build configuration list for PBXProject "LingoQuest" */;
			compatibilityVersion = "Xcode 14.0";
			developmentRegion = en;
			hasScannedForEncodings = 0;
			knownRegions = (
				en,
				Base,
			);
			mainGroup = 04A646702C1185400019C5CF;
			productRefGroup = 04A6467A2C1185400019C5CF /* Products */;
			projectDirPath = "";
			projectRoot = "";
			targets = (
				04A646782C1185400019C5CF /* LingoQuest */,
				04A6468D2C11868F0019C5CF /* LingoQuestMac */,
			);
		};
/* End PBXProject section */

/* Begin PBXResourcesBuildPhase section */
		04A646772C1185400019C5CF /* Resources */ = {
			isa = PBXResourcesBuildPhase;
			buildActionMask = 2147483647;
			files = (
				04A646842C1185430019C5CF /* Preview Assets.xcassets in Resources */,
				04A646812C1185430019C5CF /* Assets.xcassets in Resources */,
			);
			runOnlyForDeploymentPostprocessing = 0;
		};
		04A6468C2C11868F0019C5CF /* Resources */ = {
			isa = PBXResourcesBuildPhase;
			buildActionMask = 2147483647;
			files = (
				04A646982C1186920019C5CF /* Preview Assets.xcassets in Resources */,
				04A646952C1186920019C5CF /* Assets.xcassets in Resources */,
			);
			runOnlyForDeploymentPostprocessing = 0;
		};
/* End PBXResourcesBuildPhase section */

/* Begin PBXSourcesBuildPhase section */
		04A646752C1185400019C5CF /* Sources */ = {
			isa = PBXSourcesBuildPhase;
			buildActionMask = 2147483647;
			files = (
				04A6467F2C1185400019C5CF /* ContentView.swift in Sources */,
				04A646A22C11962D0019C5CF /* test.swift in Sources */,
				04A6467D2C1185400019C5CF /* LingoQuestApp.swift in Sources */,
				04A6469F2C11882B0019C5CF /* CustomButton.swift in Sources */,
			);
			runOnlyForDeploymentPostprocessing = 0;
		};
		04A6468A2C11868F0019C5CF /* Sources */ = {
			isa = PBXSourcesBuildPhase;
			buildActionMask = 2147483647;
			files = (
				04A646932C11868F0019C5CF /* ContentView.swift in Sources */,
				04A646912C11868F0019C5CF /* LingoQuestMacApp.swift in Sources */,
				04A646A02C1189840019C5CF /* CustomButton.swift in Sources */,
			);
			runOnlyForDeploymentPostprocessing = 0;
		};
/* End PBXSourcesBuildPhase section */

/* Begin XCBuildConfiguration section */
		04A646852C1185430019C5CF /* Debug */ = {
			isa = XCBuildConfiguration;
			buildSettings = {
				ALWAYS_SEARCH_USER_PATHS = NO;
				ASSETCATALOG_COMPILER_GENERATE_SWIFT_ASSET_SYMBOL_EXTENSIONS = YES;
				CLANG_ANALYZER_NONNULL = YES;
				CLANG_ANALYZER_NUMBER_OBJECT_CONVERSION = YES_AGGRESSIVE;
				CLANG_CXX_LANGUAGE_STANDARD = "gnu++20";
				CLANG_ENABLE_MODULES = YES;
				CLANG_ENABLE_OBJC_ARC = YES;
				CLANG_ENABLE_OBJC_WEAK = YES;
				CLANG_WARN_BLOCK_CAPTURE_AUTORELEASING = YES;
				CLANG_WARN_BOOL_CONVERSION = YES;
				CLANG_WARN_COMMA = YES;
				CLANG_WARN_CONSTANT_CONVERSION = YES;
				CLANG_WARN_DEPRECATED_OBJC_IMPLEMENTATIONS = YES;
				CLANG_WARN_DIRECT_OBJC_ISA_USAGE = YES_ERROR;
				CLANG_WARN_DOCUMENTATION_COMMENTS = YES;
				CLANG_WARN_EMPTY_BODY = YES;
				CLANG_WARN_ENUM_CONVERSION = YES;
				CLANG_WARN_INFINITE_RECURSION = YES;
				CLANG_WARN_INT_CONVERSION = YES;
				CLANG_WARN_NON_LITERAL_NULL_CONVERSION = YES;
				CLANG_WARN_OBJC_IMPLICIT_RETAIN_SELF = YES;
				CLANG_WARN_OBJC_LITERAL_CONVERSION = YES;
				CLANG_WARN_OBJC_ROOT_CLASS = YES_ERROR;
				CLANG_WARN_QUOTED_INCLUDE_IN_FRAMEWORK_HEADER = YES;
				CLANG_WARN_RANGE_LOOP_ANALYSIS = YES;
				CLANG_WARN_STRICT_PROTOTYPES = YES;
				CLANG_WARN_SUSPICIOUS_MOVE = YES;
				CLANG_WARN_UNGUARDED_AVAILABILITY = YES_AGGRESSIVE;
				CLANG_WARN_UNREACHABLE_CODE = YES;
				CLANG_WARN__DUPLICATE_METHOD_MATCH = YES;
				COPY_PHASE_STRIP = NO;
				DEBUG_INFORMATION_FORMAT = dwarf;
				ENABLE_STRICT_OBJC_MSGSEND = YES;
				ENABLE_TESTABILITY = YES;
				ENABLE_USER_SCRIPT_SANDBOXING = YES;
				GCC_C_LANGUAGE_STANDARD = gnu17;
				GCC_DYNAMIC_NO_PIC = NO;
				GCC_NO_COMMON_BLOCKS = YES;
				GCC_OPTIMIZATION_LEVEL = 0;
				GCC_PREPROCESSOR_DEFINITIONS = (
					"DEBUG=1",
					"$(inherited)",
				);
				GCC_WARN_64_TO_32_BIT_CONVERSION = YES;
				GCC_WARN_ABOUT_RETURN_TYPE = YES_ERROR;
				GCC_WARN_UNDECLARED_SELECTOR = YES;
				GCC_WARN_UNINITIALIZED_AUTOS = YES_AGGRESSIVE;
				GCC_WARN_UNUSED_FUNCTION = YES;
				GCC_WARN_UNUSED_VARIABLE = YES;
				IPHONEOS_DEPLOYMENT_TARGET = 17.5;
				LOCALIZATION_PREFERS_STRING_CATALOGS = YES;
				MTL_ENABLE_DEBUG_INFO = INCLUDE_SOURCE;
				MTL_FAST_MATH = YES;
				ONLY_ACTIVE_ARCH = YES;
				SDKROOT = iphoneos;
				SWIFT_ACTIVE_COMPILATION_CONDITIONS = "DEBUG $(inherited)";
				SWIFT_OPTIMIZATION_LEVEL = "-Onone";
			};
			name = Debug;
		};
		04A646862C1185430019C5CF /* Release */ = {
			isa = XCBuildConfiguration;
			buildSettings = {
				ALWAYS_SEARCH_USER_PATHS = NO;
				ASSETCATALOG_COMPILER_GENERATE_SWIFT_ASSET_SYMBOL_EXTENSIONS = YES;
				CLANG_ANALYZER_NONNULL = YES;
				CLANG_ANALYZER_NUMBER_OBJECT_CONVERSION = YES_AGGRESSIVE;
				CLANG_CXX_LANGUAGE_STANDARD = "gnu++20";
				CLANG_ENABLE_MODULES = YES;
				CLANG_ENABLE_OBJC_ARC = YES;
				CLANG_ENABLE_OBJC_WEAK = YES;
				CLANG_WARN_BLOCK_CAPTURE_AUTORELEASING = YES;
				CLANG_WARN_BOOL_CONVERSION = YES;
				CLANG_WARN_COMMA = YES;
				CLANG_WARN_CONSTANT_CONVERSION = YES;
				CLANG_WARN_DEPRECATED_OBJC_IMPLEMENTATIONS = YES;
				CLANG_WARN_DIRECT_OBJC_ISA_USAGE = YES_ERROR;
				CLANG_WARN_DOCUMENTATION_COMMENTS = YES;
				CLANG_WARN_EMPTY_BODY = YES;
				CLANG_WARN_ENUM_CONVERSION = YES;
				CLANG_WARN_INFINITE_RECURSION = YES;
				CLANG_WARN_INT_CONVERSION = YES;
				CLANG_WARN_NON_LITERAL_NULL_CONVERSION = YES;
				CLANG_WARN_OBJC_IMPLICIT_RETAIN_SELF = YES;
				CLANG_WARN_OBJC_LITERAL_CONVERSION = YES;
				CLANG_WARN_OBJC_ROOT_CLASS = YES_ERROR;
				CLANG_WARN_QUOTED_INCLUDE_IN_FRAMEWORK_HEADER = YES;
				CLANG_WARN_RANGE_LOOP_ANALYSIS = YES;
				CLANG_WARN_STRICT_PROTOTYPES = YES;
				CLANG_WARN_SUSPICIOUS_MOVE = YES;
				CLANG_WARN_UNGUARDED_AVAILABILITY = YES_AGGRESSIVE;
				CLANG_WARN_UNREACHABLE_CODE = YES;
				CLANG_WARN__DUPLICATE_METHOD_MATCH = YES;
				COPY_PHASE_STRIP = NO;
				DEBUG_INFORMATION_FORMAT = "dwarf-with-dsym";
				ENABLE_NS_ASSERTIONS = NO;
				ENABLE_STRICT_OBJC_MSGSEND = YES;
				ENABLE_USER_SCRIPT_SANDBOXING = YES;
				GCC_C_LANGUAGE_STANDARD = gnu17;
				GCC_NO_COMMON_BLOCKS = YES;
				GCC_WARN_64_TO_32_BIT_CONVERSION = YES;
				GCC_WARN_ABOUT_RETURN_TYPE = YES_ERROR;
				GCC_WARN_UNDECLARED_SELECTOR = YES;
				GCC_WARN_UNINITIALIZED_AUTOS = YES_AGGRESSIVE;
				GCC_WARN_UNUSED_FUNCTION = YES;
				GCC_WARN_UNUSED_VARIABLE = YES;
				IPHONEOS_DEPLOYMENT_TARGET = 17.5;
				LOCALIZATION_PREFERS_STRING_CATALOGS = YES;
				MTL_ENABLE_DEBUG_INFO = NO;
				MTL_FAST_MATH = YES;
				SDKROOT = iphoneos;
				SWIFT_COMPILATION_MODE = wholemodule;
				VALIDATE_PRODUCT = YES;
			};
			name = Release;
		};
		04A646882C1185430019C5CF /* Debug */ = {
			isa = XCBuildConfiguration;
			buildSettings = {
				ASSETCATALOG_COMPILER_APPICON_NAME = AppIcon;
				ASSETCATALOG_COMPILER_GLOBAL_ACCENT_COLOR_NAME = AccentColor;
				CODE_SIGN_STYLE = Automatic;
				CURRENT_PROJECT_VERSION = 1;
				DEVELOPMENT_ASSET_PATHS = "\"LingoQuest/Preview Content\"";
				DEVELOPMENT_TEAM = ZP3PVD4P6P;
				ENABLE_PREVIEWS = YES;
				GENERATE_INFOPLIST_FILE = YES;
				INFOPLIST_KEY_UIApplicationSceneManifest_Generation = YES;
				INFOPLIST_KEY_UIApplicationSupportsIndirectInputEvents = YES;
				INFOPLIST_KEY_UILaunchScreen_Generation = YES;
				INFOPLIST_KEY_UISupportedInterfaceOrientations_iPad = "UIInterfaceOrientationPortrait UIInterfaceOrientationPortraitUpsideDown UIInterfaceOrientationLandscapeLeft UIInterfaceOrientationLandscapeRight";
				INFOPLIST_KEY_UISupportedInterfaceOrientations_iPhone = "UIInterfaceOrientationPortrait UIInterfaceOrientationLandscapeLeft UIInterfaceOrientationLandscapeRight";
				LD_RUNPATH_SEARCH_PATHS = (
					"$(inherited)",
					"@executable_path/Frameworks",
				);
				MARKETING_VERSION = 1.0;
				PRODUCT_BUNDLE_IDENTIFIER = LingoQuest.LingoQuest;
				PRODUCT_NAME = "$(TARGET_NAME)";
				SWIFT_EMIT_LOC_STRINGS = YES;
				SWIFT_VERSION = 5.0;
				TARGETED_DEVICE_FAMILY = "1,2";
			};
			name = Debug;
		};
		04A646892C1185430019C5CF /* Release */ = {
			isa = XCBuildConfiguration;
			buildSettings = {
				ASSETCATALOG_COMPILER_APPICON_NAME = AppIcon;
				ASSETCATALOG_COMPILER_GLOBAL_ACCENT_COLOR_NAME = AccentColor;
				CODE_SIGN_STYLE = Automatic;
				CURRENT_PROJECT_VERSION = 1;
				DEVELOPMENT_ASSET_PATHS = "\"LingoQuest/Preview Content\"";
				DEVELOPMENT_TEAM = ZP3PVD4P6P;
				ENABLE_PREVIEWS = YES;
				GENERATE_INFOPLIST_FILE = YES;
				INFOPLIST_KEY_UIApplicationSceneManifest_Generation = YES;
				INFOPLIST_KEY_UIApplicationSupportsIndirectInputEvents = YES;
				INFOPLIST_KEY_UILaunchScreen_Generation = YES;
				INFOPLIST_KEY_UISupportedInterfaceOrientations_iPad = "UIInterfaceOrientationPortrait UIInterfaceOrientationPortraitUpsideDown UIInterfaceOrientationLandscapeLeft UIInterfaceOrientationLandscapeRight";
				INFOPLIST_KEY_UISupportedInterfaceOrientations_iPhone = "UIInterfaceOrientationPortrait UIInterfaceOrientationLandscapeLeft UIInterfaceOrientationLandscapeRight";
				LD_RUNPATH_SEARCH_PATHS = (
					"$(inherited)",
					"@executable_path/Frameworks",
				);
				MARKETING_VERSION = 1.0;
				PRODUCT_BUNDLE_IDENTIFIER = LingoQuest.LingoQuest;
				PRODUCT_NAME = "$(TARGET_NAME)";
				SWIFT_EMIT_LOC_STRINGS = YES;
				SWIFT_VERSION = 5.0;
				TARGETED_DEVICE_FAMILY = "1,2";
			};
			name = Release;
		};
		04A6469B2C1186920019C5CF /* Debug */ = {
			isa = XCBuildConfiguration;
			buildSettings = {
				ASSETCATALOG_COMPILER_APPICON_NAME = AppIcon;
				ASSETCATALOG_COMPILER_GLOBAL_ACCENT_COLOR_NAME = AccentColor;
				CODE_SIGN_ENTITLEMENTS = LingoQuestMac/LingoQuestMac.entitlements;
				CODE_SIGN_STYLE = Automatic;
				COMBINE_HIDPI_IMAGES = YES;
				CURRENT_PROJECT_VERSION = 1;
				DEVELOPMENT_ASSET_PATHS = "\"LingoQuestMac/Preview Content\"";
				DEVELOPMENT_TEAM = ZP3PVD4P6P;
				ENABLE_HARDENED_RUNTIME = YES;
				ENABLE_PREVIEWS = YES;
				GENERATE_INFOPLIST_FILE = YES;
				INFOPLIST_KEY_NSHumanReadableCopyright = "";
				LD_RUNPATH_SEARCH_PATHS = (
					"$(inherited)",
					"@executable_path/../Frameworks",
				);
				MACOSX_DEPLOYMENT_TARGET = 14.5;
				MARKETING_VERSION = 1.0;
				PRODUCT_BUNDLE_IDENTIFIER = LingoQuest.LingoQuestMac;
				PRODUCT_NAME = "$(TARGET_NAME)";
				SDKROOT = macosx;
				SWIFT_EMIT_LOC_STRINGS = YES;
				SWIFT_VERSION = 5.0;
			};
			name = Debug;
		};
		04A6469C2C1186920019C5CF /* Release */ = {
			isa = XCBuildConfiguration;
			buildSettings = {
				ASSETCATALOG_COMPILER_APPICON_NAME = AppIcon;
				ASSETCATALOG_COMPILER_GLOBAL_ACCENT_COLOR_NAME = AccentColor;
				CODE_SIGN_ENTITLEMENTS = LingoQuestMac/LingoQuestMac.entitlements;
				CODE_SIGN_STYLE = Automatic;
				COMBINE_HIDPI_IMAGES = YES;
				CURRENT_PROJECT_VERSION = 1;
				DEVELOPMENT_ASSET_PATHS = "\"LingoQuestMac/Preview Content\"";
				DEVELOPMENT_TEAM = ZP3PVD4P6P;
				ENABLE_HARDENED_RUNTIME = YES;
				ENABLE_PREVIEWS = YES;
				GENERATE_INFOPLIST_FILE = YES;
				INFOPLIST_KEY_NSHumanReadableCopyright = "";
				LD_RUNPATH_SEARCH_PATHS = (
					"$(inherited)",
					"@executable_path/../Frameworks",
				);
				MACOSX_DEPLOYMENT_TARGET = 14.5;
				MARKETING_VERSION = 1.0;
				PRODUCT_BUNDLE_IDENTIFIER = LingoQuest.LingoQuestMac;
				PRODUCT_NAME = "$(TARGET_NAME)";
				SDKROOT = macosx;
				SWIFT_EMIT_LOC_STRINGS = YES;
				SWIFT_VERSION = 5.0;
			};
			name = Release;
		};
/* End XCBuildConfiguration section */

/* Begin XCConfigurationList section */
		04A646742C1185400019C5CF /* Build configuration list for PBXProject "LingoQuest" */ = {
			isa = XCConfigurationList;
			buildConfigurations = (
				04A646852C1185430019C5CF /* Debug */,
				04A646862C1185430019C5CF /* Release */,
			);
			defaultConfigurationIsVisible = 0;
			defaultConfigurationName = Release;
		};
		04A646872C1185430019C5CF /* Build configuration list for PBXNativeTarget "LingoQuest" */ = {
			isa = XCConfigurationList;
			buildConfigurations = (
				04A646882C1185430019C5CF /* Debug */,
				04A646892C1185430019C5CF /* Release */,
			);
			defaultConfigurationIsVisible = 0;
			defaultConfigurationName = Release;
		};
		04A6469A2C1186920019C5CF /* Build configuration list for PBXNativeTarget "LingoQuestMac" */ = {
			isa = XCConfigurationList;
			buildConfigurations = (
				04A6469B2C1186920019C5CF /* Debug */,
				04A6469C2C1186920019C5CF /* Release */,
			);
			defaultConfigurationIsVisible = 0;
			defaultConfigurationName = Release;
		};
/* End XCConfigurationList section */
	};
	rootObject = 04A646712C1185400019C5CF /* Project object */;
}
